
Microsoft Visual Studio Solution File, Format Version 12.00
# Visual Studio 15
VisualStudioVersion = 15.0.28010.2046
MinimumVisualStudioVersion = 10.0.40219.1
Project("{FAE04EC0-301F-11D3-BF4B-00C04F79EFBC}") = "Flux", "Flux\Flux.csproj", "{F4AE4294-1540-48C5-9028-B97BAEEE8514}"
EndProject
Global
	GlobalSection(SolutionConfigurationPlatforms) = preSolution
		Debug|Any CPU = Debug|Any CPU
		Release|Any CPU = Release|Any CPU
	EndGlobalSection
	GlobalSection(ProjectConfigurationPlatforms) = postSolution
		{F4AE4294-1540-48C5-9028-B97BAEEE8514}.Debug|Any CPU.ActiveCfg = Debug|Any CPU
		{F4AE4294-1540-48C5-9028-B97BAEEE8514}.Debug|Any CPU.Build.0 = Debug|Any CPU
		{F4AE4294-1540-48C5-9028-B97BAEEE8514}.Release|Any CPU.ActiveCfg = Release|Any CPU
		{F4AE4294-1540-48C5-9028-B97BAEEE8514}.Release|Any CPU.Build.0 = Release|Any CPU
	EndGlobalSection
	GlobalSection(SolutionProperties) = preSolution
		HideSolutionNode = FALSE
	EndGlobalSection
	GlobalSection(ExtensibilityGlobals) = postSolution
		SolutionGuid = {A4E66DF5-DD14-48C2-9F78-FA020CF533AE}
	EndGlobalSection
EndGlobal
